# THIS IS AN AUTOGENERATED FILE. DO NOT EDIT THIS FILE DIRECTLY.
# yarn lockfile v1


react-daum-postcode@^3.1.3:
  version "3.1.3"
  resolved "https://registry.yarnpkg.com/react-daum-postcode/-/react-daum-postcode-3.1.3.tgz#008a0815a08fb9356fe7845d4376dcc9363f495d"
  integrity sha512-qTyzUb1BeszPFO4FXSj6p83Wrn5Zpo6YqI2EZ46XSVRZT+du9CrKg9p3KshBRFKYxXmFE1Mv7wEynzXdRFNlmQ==
